// !$*UTF8*$!
{
	archiveVersion = 1;
	classes = {
	};
	objectVersion = 46;
	objects = {

/* Begin PBXBuildFile section */
		790A01DE1D81AD7800275B8B /* Range+Utility.swift in Sources */ = {isa = PBXBuildFile; fileRef = 790A01DD1D81AD7800275B8B /* Range+Utility.swift */; };
		795F77D61D72B84D00CCF863 /* AppDelegate.swift in Sources */ = {isa = PBXBuildFile; fileRef = 795F77D51D72B84D00CCF863 /* AppDelegate.swift */; };
		795F77D81D72B84D00CCF863 /* GameScene.swift in Sources */ = {isa = PBXBuildFile; fileRef = 795F77D71D72B84D00CCF863 /* GameScene.swift */; };
		795F77DC1D72B84D00CCF863 /* Assets.xcassets in Resources */ = {isa = PBXBuildFile; fileRef = 795F77DB1D72B84D00CCF863 /* Assets.xcassets */; };
		795F77DF1D72B84D00CCF863 /* MainMenu.xib in Resources */ = {isa = PBXBuildFile; fileRef = 795F77DD1D72B84D00CCF863 /* MainMenu.xib */; };
		795F77E71D72B86200CCF863 /* Entity.swift in Sources */ = {isa = PBXBuildFile; fileRef = 795F77E61D72B86200CCF863 /* Entity.swift */; };
		795F77E91D72B8C800CCF863 /* Paddle.swift in Sources */ = {isa = PBXBuildFile; fileRef = 795F77E81D72B8C800CCF863 /* Paddle.swift */; };
		795F77EB1D72B8D900CCF863 /* Ball.swift in Sources */ = {isa = PBXBuildFile; fileRef = 795F77EA1D72B8D900CCF863 /* Ball.swift */; };
		795F77ED1D72B91E00CCF863 /* VisualComponent.swift in Sources */ = {isa = PBXBuildFile; fileRef = 795F77EC1D72B91E00CCF863 /* VisualComponent.swift */; };
		795F77EF1D72BA1600CCF863 /* Game.swift in Sources */ = {isa = PBXBuildFile; fileRef = 795F77EE1D72BA1600CCF863 /* Game.swift */; };
		795F77F11D72BF8700CCF863 /* Constants.swift in Sources */ = {isa = PBXBuildFile; fileRef = 795F77F01D72BF8700CCF863 /* Constants.swift */; };
		795F77F31D72C2FA00CCF863 /* SpriteNode.swift in Sources */ = {isa = PBXBuildFile; fileRef = 795F77F21D72C2FA00CCF863 /* SpriteNode.swift */; };
		795F77F51D72D24C00CCF863 /* Wall.swift in Sources */ = {isa = PBXBuildFile; fileRef = 795F77F41D72D24C00CCF863 /* Wall.swift */; };
		798122701D7546E700A84F49 /* BaseScene.swift in Sources */ = {isa = PBXBuildFile; fileRef = 7981226F1D7546E700A84F49 /* BaseScene.swift */; };
		79B1ED1D1D82AF820061C707 /* CpuControlComponent.swift in Sources */ = {isa = PBXBuildFile; fileRef = 79B1ED1C1D82AF820061C707 /* CpuControlComponent.swift */; };
		79B1ED1F1D82EE000061C707 /* Block.swift in Sources */ = {isa = PBXBuildFile; fileRef = 79B1ED1E1D82EE000061C707 /* Block.swift */; };
		79B1ED211D83D5DD0061C707 /* Array+Utility.swift in Sources */ = {isa = PBXBuildFile; fileRef = 79B1ED201D83D5DD0061C707 /* Array+Utility.swift */; };
		79B1ED231D83F0DA0061C707 /* TracerBall.swift in Sources */ = {isa = PBXBuildFile; fileRef = 79B1ED221D83F0DA0061C707 /* TracerBall.swift */; };
		79C5F1441D7949980075689A /* Beam.swift in Sources */ = {isa = PBXBuildFile; fileRef = 79C5F1431D7949980075689A /* Beam.swift */; };
		79C5F1481D798AFC0075689A /* SKShapeNode+Utility.swift in Sources */ = {isa = PBXBuildFile; fileRef = 79C5F1471D798AFC0075689A /* SKShapeNode+Utility.swift */; };
/* End PBXBuildFile section */

/* Begin PBXFileReference section */
		790A01DD1D81AD7800275B8B /* Range+Utility.swift */ = {isa = PBXFileReference; fileEncoding = 4; lastKnownFileType = sourcecode.swift; path = "Range+Utility.swift"; sourceTree = "<group>"; };
		795F77D21D72B84D00CCF863 /* Pong.app */ = {isa = PBXFileReference; explicitFileType = wrapper.application; includeInIndex = 0; path = Pong.app; sourceTree = BUILT_PRODUCTS_DIR; };
		795F77D51D72B84D00CCF863 /* AppDelegate.swift */ = {isa = PBXFileReference; lastKnownFileType = sourcecode.swift; path = AppDelegate.swift; sourceTree = "<group>"; };
		795F77D71D72B84D00CCF863 /* GameScene.swift */ = {isa = PBXFileReference; lastKnownFileType = sourcecode.swift; path = GameScene.swift; sourceTree = "<group>"; };
		795F77DB1D72B84D00CCF863 /* Assets.xcassets */ = {isa = PBXFileReference; lastKnownFileType = folder.assetcatalog; path = Assets.xcassets; sourceTree = "<group>"; };
		795F77DE1D72B84D00CCF863 /* Base */ = {isa = PBXFileReference; lastKnownFileType = file.xib; name = Base; path = Base.lproj/MainMenu.xib; sourceTree = "<group>"; };
		795F77E01D72B84D00CCF863 /* Info.plist */ = {isa = PBXFileReference; lastKnownFileType = text.plist.xml; path = Info.plist; sourceTree = "<group>"; };
		795F77E61D72B86200CCF863 /* Entity.swift */ = {isa = PBXFileReference; fileEncoding = 4; lastKnownFileType = sourcecode.swift; path = Entity.swift; sourceTree = "<group>"; };
		795F77E81D72B8C800CCF863 /* Paddle.swift */ = {isa = PBXFileReference; fileEncoding = 4; lastKnownFileType = sourcecode.swift; path = Paddle.swift; sourceTree = "<group>"; };
		795F77EA1D72B8D900CCF863 /* Ball.swift */ = {isa = PBXFileReference; fileEncoding = 4; lastKnownFileType = sourcecode.swift; path = Ball.swift; sourceTree = "<group>"; };
		795F77EC1D72B91E00CCF863 /* VisualComponent.swift */ = {isa = PBXFileReference; fileEncoding = 4; lastKnownFileType = sourcecode.swift; path = VisualComponent.swift; sourceTree = "<group>"; };
		795F77EE1D72BA1600CCF863 /* Game.swift */ = {isa = PBXFileReference; fileEncoding = 4; lastKnownFileType = sourcecode.swift; path = Game.swift; sourceTree = "<group>"; };
		795F77F01D72BF8700CCF863 /* Constants.swift */ = {isa = PBXFileReference; fileEncoding = 4; lastKnownFileType = sourcecode.swift; path = Constants.swift; sourceTree = "<group>"; };
		795F77F21D72C2FA00CCF863 /* SpriteNode.swift */ = {isa = PBXFileReference; fileEncoding = 4; lastKnownFileType = sourcecode.swift; path = SpriteNode.swift; sourceTree = "<group>"; };
		795F77F41D72D24C00CCF863 /* Wall.swift */ = {isa = PBXFileReference; fileEncoding = 4; lastKnownFileType = sourcecode.swift; path = Wall.swift; sourceTree = "<group>"; };
		7981226F1D7546E700A84F49 /* BaseScene.swift */ = {isa = PBXFileReference; fileEncoding = 4; lastKnownFileType = sourcecode.swift; path = BaseScene.swift; sourceTree = "<group>"; };
		79B1ED1C1D82AF820061C707 /* CpuControlComponent.swift */ = {isa = PBXFileReference; fileEncoding = 4; lastKnownFileType = sourcecode.swift; path = CpuControlComponent.swift; sourceTree = "<group>"; };
		79B1ED1E1D82EE000061C707 /* Block.swift */ = {isa = PBXFileReference; fileEncoding = 4; lastKnownFileType = sourcecode.swift; path = Block.swift; sourceTree = "<group>"; };
		79B1ED201D83D5DD0061C707 /* Array+Utility.swift */ = {isa = PBXFileReference; fileEncoding = 4; lastKnownFileType = sourcecode.swift; path = "Array+Utility.swift"; sourceTree = "<group>"; };
		79B1ED221D83F0DA0061C707 /* TracerBall.swift */ = {isa = PBXFileReference; fileEncoding = 4; lastKnownFileType = sourcecode.swift; path = TracerBall.swift; sourceTree = "<group>"; };
		79C5F1431D7949980075689A /* Beam.swift */ = {isa = PBXFileReference; fileEncoding = 4; lastKnownFileType = sourcecode.swift; path = Beam.swift; sourceTree = "<group>"; };
		79C5F1471D798AFC0075689A /* SKShapeNode+Utility.swift */ = {isa = PBXFileReference; fileEncoding = 4; lastKnownFileType = sourcecode.swift; path = "SKShapeNode+Utility.swift"; sourceTree = "<group>"; };
/* End PBXFileReference section */

/* Begin PBXFrameworksBuildPhase section */
		795F77CF1D72B84D00CCF863 /* Frameworks */ = {
			isa = PBXFrameworksBuildPhase;
			buildActionMask = 2147483647;
			files = (
			);
			runOnlyForDeploymentPostprocessing = 0;
		};
/* End PBXFrameworksBuildPhase section */

/* Begin PBXGroup section */
		795F77C91D72B84D00CCF863 = {
			isa = PBXGroup;
			children = (
				795F77D41D72B84D00CCF863 /* Pong */,
				795F77D31D72B84D00CCF863 /* Products */,
			);
			sourceTree = "<group>";
		};
		795F77D31D72B84D00CCF863 /* Products */ = {
			isa = PBXGroup;
			children = (
				795F77D21D72B84D00CCF863 /* Pong.app */,
			);
			name = Products;
			sourceTree = "<group>";
		};
		795F77D41D72B84D00CCF863 /* Pong */ = {
			isa = PBXGroup;
			children = (
				795F77D51D72B84D00CCF863 /* AppDelegate.swift */,
				795F77D71D72B84D00CCF863 /* GameScene.swift */,
				795F77DB1D72B84D00CCF863 /* Assets.xcassets */,
				795F77DD1D72B84D00CCF863 /* MainMenu.xib */,
				795F77E01D72B84D00CCF863 /* Info.plist */,
				795F77E61D72B86200CCF863 /* Entity.swift */,
				795F77E81D72B8C800CCF863 /* Paddle.swift */,
				795F77EA1D72B8D900CCF863 /* Ball.swift */,
				795F77EC1D72B91E00CCF863 /* VisualComponent.swift */,
				795F77EE1D72BA1600CCF863 /* Game.swift */,
				795F77F01D72BF8700CCF863 /* Constants.swift */,
				795F77F21D72C2FA00CCF863 /* SpriteNode.swift */,
				795F77F41D72D24C00CCF863 /* Wall.swift */,
				7981226F1D7546E700A84F49 /* BaseScene.swift */,
				79C5F1431D7949980075689A /* Beam.swift */,
				79C5F1471D798AFC0075689A /* SKShapeNode+Utility.swift */,
				790A01DD1D81AD7800275B8B /* Range+Utility.swift */,
				79B1ED1C1D82AF820061C707 /* CpuControlComponent.swift */,
				79B1ED1E1D82EE000061C707 /* Block.swift */,
				79B1ED201D83D5DD0061C707 /* Array+Utility.swift */,
				79B1ED221D83F0DA0061C707 /* TracerBall.swift */,
			);
			path = Pong;
			sourceTree = "<group>";
		};
/* End PBXGroup section */

/* Begin PBXNativeTarget section */
		795F77D11D72B84D00CCF863 /* Pong */ = {
			isa = PBXNativeTarget;
			buildConfigurationList = 795F77E31D72B84D00CCF863 /* Build configuration list for PBXNativeTarget "Pong" */;
			buildPhases = (
				795F77CE1D72B84D00CCF863 /* Sources */,
				795F77CF1D72B84D00CCF863 /* Frameworks */,
				795F77D01D72B84D00CCF863 /* Resources */,
			);
			buildRules = (
			);
			dependencies = (
			);
			name = Pong;
			productName = Pong;
			productReference = 795F77D21D72B84D00CCF863 /* Pong.app */;
			productType = "com.apple.product-type.application";
		};
/* End PBXNativeTarget section */

/* Begin PBXProject section */
		795F77CA1D72B84D00CCF863 /* Project object */ = {
			isa = PBXProject;
			attributes = {
				LastSwiftUpdateCheck = 0730;
				LastUpgradeCheck = 0730;
				ORGANIZATIONNAME = Wolftrail;
				TargetAttributes = {
					795F77D11D72B84D00CCF863 = {
						CreatedOnToolsVersion = 7.3.1;
					};
				};
			};
			buildConfigurationList = 795F77CD1D72B84D00CCF863 /* Build configuration list for PBXProject "Pong" */;
			compatibilityVersion = "Xcode 3.2";
			developmentRegion = English;
			hasScannedForEncodings = 0;
			knownRegions = (
				en,
				Base,
			);
			mainGroup = 795F77C91D72B84D00CCF863;
			productRefGroup = 795F77D31D72B84D00CCF863 /* Products */;
			projectDirPath = "";
			projectRoot = "";
			targets = (
				795F77D11D72B84D00CCF863 /* Pong */,
			);
		};
/* End PBXProject section */

/* Begin PBXResourcesBuildPhase section */
		795F77D01D72B84D00CCF863 /* Resources */ = {
			isa = PBXResourcesBuildPhase;
			buildActionMask = 2147483647;
			files = (
				795F77DC1D72B84D00CCF863 /* Assets.xcassets in Resources */,
				795F77DF1D72B84D00CCF863 /* MainMenu.xib in Resources */,
			);
			runOnlyForDeploymentPostprocessing = 0;
		};
/* End PBXResourcesBuildPhase section */

/* Begin PBXSourcesBuildPhase section */
		795F77CE1D72B84D00CCF863 /* Sources */ = {
			isa = PBXSourcesBuildPhase;
			buildActionMask = 2147483647;
			files = (
				79C5F1481D798AFC0075689A /* SKShapeNode+Utility.swift in Sources */,
				79B1ED1F1D82EE000061C707 /* Block.swift in Sources */,
				795F77D81D72B84D00CCF863 /* GameScene.swift in Sources */,
				795F77E91D72B8C800CCF863 /* Paddle.swift in Sources */,
				79C5F1441D7949980075689A /* Beam.swift in Sources */,
				795F77F11D72BF8700CCF863 /* Constants.swift in Sources */,
				795F77EF1D72BA1600CCF863 /* Game.swift in Sources */,
				79B1ED231D83F0DA0061C707 /* TracerBall.swift in Sources */,
				795F77EB1D72B8D900CCF863 /* Ball.swift in Sources */,
				795F77F31D72C2FA00CCF863 /* SpriteNode.swift in Sources */,
				795F77ED1D72B91E00CCF863 /* VisualComponent.swift in Sources */,
				79B1ED1D1D82AF820061C707 /* CpuControlComponent.swift in Sources */,
				795F77F51D72D24C00CCF863 /* Wall.swift in Sources */,
				790A01DE1D81AD7800275B8B /* Range+Utility.swift in Sources */,
				798122701D7546E700A84F49 /* BaseScene.swift in Sources */,
				795F77D61D72B84D00CCF863 /* AppDelegate.swift in Sources */,
				79B1ED211D83D5DD0061C707 /* Array+Utility.swift in Sources */,
				795F77E71D72B86200CCF863 /* Entity.swift in Sources */,
			);
			runOnlyForDeploymentPostprocessing = 0;
		};
/* End PBXSourcesBuildPhase section */

/* Begin PBXVariantGroup section */
		795F77DD1D72B84D00CCF863 /* MainMenu.xib */ = {
			isa = PBXVariantGroup;
			children = (
				795F77DE1D72B84D00CCF863 /* Base */,
			);
			name = MainMenu.xib;
			sourceTree = "<group>";
		};
/* End PBXVariantGroup section */

/* Begin XCBuildConfiguration section */
		795F77E11D72B84D00CCF863 /* Debug */ = {
			isa = XCBuildConfiguration;
			buildSettings = {
				ALWAYS_SEARCH_USER_PATHS = NO;
				CLANG_ANALYZER_NONNULL = YES;
				CLANG_CXX_LANGUAGE_STANDARD = "gnu++0x";
				CLANG_CXX_LIBRARY = "libc++";
				CLANG_ENABLE_MODULES = YES;
				CLANG_ENABLE_OBJC_ARC = YES;
				CLANG_WARN_BOOL_CONVERSION = YES;
				CLANG_WARN_CONSTANT_CONVERSION = YES;
				CLANG_WARN_DIRECT_OBJC_ISA_USAGE = YES_ERROR;
				CLANG_WARN_EMPTY_BODY = YES;
				CLANG_WARN_ENUM_CONVERSION = YES;
				CLANG_WARN_INT_CONVERSION = YES;
				CLANG_WARN_OBJC_ROOT_CLASS = YES_ERROR;
				CLANG_WARN_UNREACHABLE_CODE = YES;
				CLANG_WARN__DUPLICATE_METHOD_MATCH = YES;
				CODE_SIGN_IDENTITY = "-";
				COPY_PHASE_STRIP = NO;
				DEBUG_INFORMATION_FORMAT = "dwarf-with-dsym";
				ENABLE_STRICT_OBJC_MSGSEND = YES;
				ENABLE_TESTABILITY = YES;
				GCC_C_LANGUAGE_STANDARD = gnu99;
				GCC_DYNAMIC_NO_PIC = NO;
				GCC_NO_COMMON_BLOCKS = YES;
				GCC_OPTIMIZATION_LEVEL = 0;
				GCC_PREPROCESSOR_DEFINITIONS = (
					"DEBUG=1",
					"$(inherited)",
				);
				GCC_WARN_64_TO_32_BIT_CONVERSION = YES;
				GCC_WARN_ABOUT_RETURN_TYPE = YES_ERROR;
				GCC_WARN_UNDECLARED_SELECTOR = YES;
				GCC_WARN_UNINITIALIZED_AUTOS = YES_AGGRESSIVE;
				GCC_WARN_UNUSED_FUNCTION = YES;
				GCC_WARN_UNUSED_VARIABLE = YES;
				MACOSX_DEPLOYMENT_TARGET = 10.11;
				MTL_ENABLE_DEBUG_INFO = YES;
				ONLY_ACTIVE_ARCH = YES;
				SDKROOT = macosx;
				SWIFT_OPTIMIZATION_LEVEL = "-Onone";
			};
			name = Debug;
		};
		795F77E21D72B84D00CCF863 /* Release */ = {
			isa = XCBuildConfiguration;
			buildSettings = {
				ALWAYS_SEARCH_USER_PATHS = NO;
				CLANG_ANALYZER_NONNULL = YES;
				CLANG_CXX_LANGUAGE_STANDARD = "gnu++0x";
				CLANG_CXX_LIBRARY = "libc++";
				CLANG_ENABLE_MODULES = YES;
				CLANG_ENABLE_OBJC_ARC = YES;
				CLANG_WARN_BOOL_CONVERSION = YES;
				CLANG_WARN_CONSTANT_CONVERSION = YES;
				CLANG_WARN_DIRECT_OBJC_ISA_USAGE = YES_ERROR;
				CLANG_WARN_EMPTY_BODY = YES;
				CLANG_WARN_ENUM_CONVERSION = YES;
				CLANG_WARN_INT_CONVERSION = YES;
				CLANG_WARN_OBJC_ROOT_CLASS = YES_ERROR;
				CLANG_WARN_UNREACHABLE_CODE = YES;
				CLANG_WARN__DUPLICATE_METHOD_MATCH = YES;
				CODE_SIGN_IDENTITY = "-";
				COPY_PHASE_STRIP = NO;
				DEBUG_INFORMATION_FORMAT = "dwarf-with-dsym";
				ENABLE_NS_ASSERTIONS = NO;
				ENABLE_STRICT_OBJC_MSGSEND = YES;
				GCC_C_LANGUAGE_STANDARD = gnu99;
				GCC_NO_COMMON_BLOCKS = YES;
				GCC_WARN_64_TO_32_BIT_CONVERSION = YES;
				GCC_WARN_ABOUT_RETURN_TYPE = YES_ERROR;
				GCC_WARN_UNDECLARED_SELECTOR = YES;
				GCC_WARN_UNINITIALIZED_AUTOS = YES_AGGRESSIVE;
				GCC_WARN_UNUSED_FUNCTION = YES;
				GCC_WARN_UNUSED_VARIABLE = YES;
				MACOSX_DEPLOYMENT_TARGET = 10.11;
				MTL_ENABLE_DEBUG_INFO = NO;
				SDKROOT = macosx;
			};
			name = Release;
		};
		795F77E41D72B84D00CCF863 /* Debug */ = {
			isa = XCBuildConfiguration;
			buildSettings = {
				ASSETCATALOG_COMPILER_APPICON_NAME = AppIcon;
				COMBINE_HIDPI_IMAGES = YES;
				INFOPLIST_FILE = Pong/Info.plist;
				LD_RUNPATH_SEARCH_PATHS = "$(inherited) @executable_path/../Frameworks";
				PRODUCT_BUNDLE_IDENTIFIER = net.wolftrail.Pong;
				PRODUCT_NAME = "$(TARGET_NAME)";
			};
			name = Debug;
		};
		795F77E51D72B84D00CCF863 /* Release */ = {
			isa = XCBuildConfiguration;
			buildSettings = {
				ASSETCATALOG_COMPILER_APPICON_NAME = AppIcon;
				COMBINE_HIDPI_IMAGES = YES;
				INFOPLIST_FILE = Pong/Info.plist;
				LD_RUNPATH_SEARCH_PATHS = "$(inherited) @executable_path/../Frameworks";
				PRODUCT_BUNDLE_IDENTIFIER = net.wolftrail.Pong;
				PRODUCT_NAME = "$(TARGET_NAME)";
			};
			name = Release;
		};
/* End XCBuildConfiguration section */

/* Begin XCConfigurationList section */
		795F77CD1D72B84D00CCF863 /* Build configuration list for PBXProject "Pong" */ = {
			isa = XCConfigurationList;
			buildConfigurations = (
				795F77E11D72B84D00CCF863 /* Debug */,
				795F77E21D72B84D00CCF863 /* Release */,
			);
			defaultConfigurationIsVisible = 0;
			defaultConfigurationName = Release;
		};
		795F77E31D72B84D00CCF863 /* Build configuration list for PBXNativeTarget "Pong" */ = {
			isa = XCConfigurationList;
			buildConfigurations = (
				795F77E41D72B84D00CCF863 /* Debug */,
				795F77E51D72B84D00CCF863 /* Release */,
			);
			defaultConfigurationIsVisible = 0;
			defaultConfigurationName = Release;
		};
/* End XCConfigurationList section */
	};
	rootObject = 795F77CA1D72B84D00CCF863 /* Project object */;
}
